<?xml version="1.0" encoding="utf-8"?>
<Project ToolsVersion="4.0" xmlns="http://schemas.microsoft.com/developer/msbuild/2003">
  <ItemGroup>
    <Filter Include="Source Files">
      <UniqueIdentifier>{4FC737F1-C7A5-4376-A066-2A32D752A2FF}</UniqueIdentifier>
      <Extensions>cpp;c;cc;cxx;def;odl;idl;hpj;bat;asm;asmx</Extensions>
    </Filter>
    <Filter Include="Header Files">
      <UniqueIdentifier>{93995380-89BD-4b04-88EB-625FBE52EBFB}</UniqueIdentifier>
      <Extensions>h;hh;hpp;hxx;hm;inl;inc;ipp;xsd</Extensions>
    </Filter>
    <Filter Include="Resource Files">
      <UniqueIdentifier>{67DA6AB6-F800-4c08-8B7A-83BB121AAD01}</UniqueIdentifier>
      <Extensions>rc;ico;cur;bmp;dlg;rc2;rct;bin;rgs;gif;jpg;jpeg;jpe;resx;tiff;tif;png;wav;mfcribbon-ms</Extensions>
    </Filter>
    <Filter Include="Utilities">
      <UniqueIdentifier>{191099e2-922f-4575-a2a9-18f1648af874}</UniqueIdentifier>
    </Filter>
    <Filter Include="General">
      <UniqueIdentifier>{249af369-dc88-45af-a386-e866f40cc9bd}</UniqueIdentifier>
    </Filter>
    <Filter Include="Lazy Importer">
      <UniqueIdentifier>{8ace60f9-38ea-4cb0-86eb-1173e356a650}</UniqueIdentifier>
    </Filter>
  </ItemGroup>
  <ItemGroup>
    <ClCompile Include="universal_external_base.cpp">
      <Filter>Source Files</Filter>
    </ClCompile>
    <ClCompile Include="utilities.cpp">
      <Filter>Utilities</Filter>
    </ClCompile>
  </ItemGroup>
  <ItemGroup>
    <ClInclude Include="Includes.h">
      <Filter>General</Filter>
    </ClInclude>
    <ClInclude Include="lazy_importer.hpp">
      <Filter>Lazy Importer</Filter>
    </ClInclude>
    <ClInclude Include="utilities.h">
      <Filter>Utilities</Filter>
    </ClInclude>
    <ClInclude Include="xorstr.h">
      <Filter>Utilities</Filter>
    </ClInclude>
  </ItemGroup>
</Project>